
Microsoft Visual Studio Solution File, Format Version 12.00
# Visual Studio Version 17
VisualStudioVersion = 17.5.002.0
MinimumVisualStudioVersion = 10.0.40219.1
Project("{9A19103F-16F7-4668-BE54-9A1E7A4F7556}") = "StudentDatabase", "StudentDatabase.csproj", "{5F87678B-B2D4-4AE7-A9A0-6AD4C40D0C49}"
EndProject
Global
	GlobalSection(SolutionConfigurationPlatforms) = preSolution
		Debug|Any CPU = Debug|Any CPU
		Release|Any CPU = Release|Any CPU
	EndGlobalSection
	GlobalSection(ProjectConfigurationPlatforms) = postSolution
		{5F87678B-B2D4-4AE7-A9A0-6AD4C40D0C49}.Debug|Any CPU.ActiveCfg = Debug|Any CPU
		{5F87678B-B2D4-4AE7-A9A0-6AD4C40D0C49}.Debug|Any CPU.Build.0 = Debug|Any CPU
		{5F87678B-B2D4-4AE7-A9A0-6AD4C40D0C49}.Release|Any CPU.ActiveCfg = Release|Any CPU
		{5F87678B-B2D4-4AE7-A9A0-6AD4C40D0C49}.Release|Any CPU.Build.0 = Release|Any CPU
	EndGlobalSection
	GlobalSection(SolutionProperties) = preSolution
		HideSolutionNode = FALSE
	EndGlobalSection
	GlobalSection(ExtensibilityGlobals) = postSolution
		SolutionGuid = {F7FE6B43-4FFC-4338-A687-B5584B7474CD}
	EndGlobalSection
EndGlobal
